
Microsoft Visual Studio Solution File, Format Version 12.00
# Visual Studio Version 17
VisualStudioVersion = 17.7.34009.444
MinimumVisualStudioVersion = 10.0.40219.1
Project("{FAE04EC0-301F-11D3-BF4B-00C04F79EFBC}") = "WebAPI-Studies", "WebAPI-Studies\WebAPI-Studies.csproj", "{8F5F53CB-B860-4CA2-97A0-D824F64E0715}"
EndProject
Global
	GlobalSection(SolutionConfigurationPlatforms) = preSolution
		Debug|Any CPU = Debug|Any CPU
		Release|Any CPU = Release|Any CPU
	EndGlobalSection
	GlobalSection(ProjectConfigurationPlatforms) = postSolution
		{8F5F53CB-B860-4CA2-97A0-D824F64E0715}.Debug|Any CPU.ActiveCfg = Debug|Any CPU
		{8F5F53CB-B860-4CA2-97A0-D824F64E0715}.Debug|Any CPU.Build.0 = Debug|Any CPU
		{8F5F53CB-B860-4CA2-97A0-D824F64E0715}.Release|Any CPU.ActiveCfg = Release|Any CPU
		{8F5F53CB-B860-4CA2-97A0-D824F64E0715}.Release|Any CPU.Build.0 = Release|Any CPU
	EndGlobalSection
	GlobalSection(SolutionProperties) = preSolution
		HideSolutionNode = FALSE
	EndGlobalSection
	GlobalSection(ExtensibilityGlobals) = postSolution
		SolutionGuid = {46618D49-46AA-4669-A6FB-3ABDB8F17146}
	EndGlobalSection
EndGlobal
